Microsoft Visual Studio Solution File, Format Version 12.00
# Visual Studio Version 17
VisualStudioVersion = 17.5.2.0
MinimumVisualStudioVersion = 10.0.40219.1
Project("{FAE04EC0-301F-11D3-BF4B-00C04F79EFBC}") = "InventorySystem.API", "InventorySystem.API\InventorySystem.API.csproj", "{15B9C659-D235-4BA9-212B-2A6629BF9C89}"
EndProject
Project("{FAE04EC0-301F-11D3-BF4B-00C04F79EFBC}") = "InventorySystem.Application", "InventorySystem.Application\InventorySystem.Application.csproj", "{92026B4B-C332-49AA-F50E-D8C5A722A4C8}"
EndProject
Project("{FAE04EC0-301F-11D3-BF4B-00C04F79EFBC}") = "InventorySystem.Domain", "InventorySystem.Domain\InventorySystem.Domain.csproj", "{DFF80B19-04A2-C0FE-99EC-38215DD0A61C}"
EndProject
Project("{FAE04EC0-301F-11D3-BF4B-00C04F79EFBC}") = "InventorySystem.Infrastructure", "InventorySystem.Infrastructure\InventorySystem.Infrastructure.csproj", "{583CDBA3-D07B-9708-643A-9987284B6234}"
EndProject
Global
	GlobalSection(SolutionConfigurationPlatforms) = preSolution
		Debug|Any CPU = Debug|Any CPU
		Release|Any CPU = Release|Any CPU
	EndGlobalSection
	GlobalSection(ProjectConfigurationPlatforms) = postSolution
		{15B9C659-D235-4BA9-212B-2A6629BF9C89}.Debug|Any CPU.ActiveCfg = Debug|Any CPU
		{15B9C659-D235-4BA9-212B-2A6629BF9C89}.Debug|Any CPU.Build.0 = Debug|Any CPU
		{15B9C659-D235-4BA9-212B-2A6629BF9C89}.Release|Any CPU.ActiveCfg = Release|Any CPU
		{15B9C659-D235-4BA9-212B-2A6629BF9C89}.Release|Any CPU.Build.0 = Release|Any CPU
		{92026B4B-C332-49AA-F50E-D8C5A722A4C8}.Debug|Any CPU.ActiveCfg = Debug|Any CPU
		{92026B4B-C332-49AA-F50E-D8C5A722A4C8}.Debug|Any CPU.Build.0 = Debug|Any CPU
		{92026B4B-C332-49AA-F50E-D8C5A722A4C8}.Release|Any CPU.ActiveCfg = Release|Any CPU
		{92026B4B-C332-49AA-F50E-D8C5A722A4C8}.Release|Any CPU.Build.0 = Release|Any CPU
		{DFF80B19-04A2-C0FE-99EC-38215DD0A61C}.Debug|Any CPU.ActiveCfg = Debug|Any CPU
		{DFF80B19-04A2-C0FE-99EC-38215DD0A61C}.Debug|Any CPU.Build.0 = Debug|Any CPU
		{DFF80B19-04A2-C0FE-99EC-38215DD0A61C}.Release|Any CPU.ActiveCfg = Release|Any CPU
		{DFF80B19-04A2-C0FE-99EC-38215DD0A61C}.Release|Any CPU.Build.0 = Release|Any CPU
		{583CDBA3-D07B-9708-643A-9987284B6234}.Debug|Any CPU.ActiveCfg = Debug|Any CPU
		{583CDBA3-D07B-9708-643A-9987284B6234}.Debug|Any CPU.Build.0 = Debug|Any CPU
		{583CDBA3-D07B-9708-643A-9987284B6234}.Release|Any CPU.ActiveCfg = Release|Any CPU
		{583CDBA3-D07B-9708-643A-9987284B6234}.Release|Any CPU.Build.0 = Release|Any CPU
	EndGlobalSection
	GlobalSection(SolutionProperties) = preSolution
		HideSolutionNode = FALSE
	EndGlobalSection
	GlobalSection(ExtensibilityGlobals) = postSolution
		SolutionGuid = {1AF0884B-142E-4E4B-A3C3-73E94D12875B}
	EndGlobalSection
EndGlobal
